
Microsoft Visual Studio Solution File, Format Version 12.00
# Visual Studio Version 16
VisualStudioVersion = 16.0.29418.71
MinimumVisualStudioVersion = 10.0.40219.1
Project("{FAE04EC0-301F-11D3-BF4B-00C04F79EFBC}") = "PoELadder.UWP", "PoELadder\PoELadder.UWP\PoELadder.UWP.csproj", "{6CD8D215-EF02-4630-8072-E84A00D28284}"
EndProject
Project("{FAE04EC0-301F-11D3-BF4B-00C04F79EFBC}") = "PoELadder.Android", "PoELadder\PoELadder.Android\PoELadder.Android.csproj", "{1E5DE77B-E514-49BF-98D9-125E5BB4A33C}"
EndProject
Project("{FAE04EC0-301F-11D3-BF4B-00C04F79EFBC}") = "PoELadder.iOS", "PoELadder\PoELadder.iOS\PoELadder.iOS.csproj", "{C4026021-C9A7-4F17-BC0A-106C5B740C92}"
EndProject
Project("{FAE04EC0-301F-11D3-BF4B-00C04F79EFBC}") = "PoELadder", "PoELadder\PoELadder\PoELadder.csproj", "{9B9B1DE1-73F5-4B9A-8EAA-7F29AC2B26A2}"
EndProject
Global
	GlobalSection(SolutionConfigurationPlatforms) = preSolution
		Debug|Any CPU = Debug|Any CPU
		Debug|ARM = Debug|ARM
		Debug|iPhone = Debug|iPhone
		Debug|iPhoneSimulator = Debug|iPhoneSimulator
		Debug|x64 = Debug|x64
		Debug|x86 = Debug|x86
		Release|Any CPU = Release|Any CPU
		Release|ARM = Release|ARM
		Release|iPhone = Release|iPhone
		Release|iPhoneSimulator = Release|iPhoneSimulator
		Release|x64 = Release|x64
		Release|x86 = Release|x86
	EndGlobalSection
	GlobalSection(ProjectConfigurationPlatforms) = postSolution
		{6CD8D215-EF02-4630-8072-E84A00D28284}.Debug|Any CPU.ActiveCfg = Debug|x86
		{6CD8D215-EF02-4630-8072-E84A00D28284}.Debug|Any CPU.Build.0 = Debug|x86
		{6CD8D215-EF02-4630-8072-E84A00D28284}.Debug|Any CPU.Deploy.0 = Debug|x86
		{6CD8D215-EF02-4630-8072-E84A00D28284}.Debug|ARM.ActiveCfg = Debug|ARM
		{6CD8D215-EF02-4630-8072-E84A00D28284}.Debug|ARM.Build.0 = Debug|ARM
		{6CD8D215-EF02-4630-8072-E84A00D28284}.Debug|ARM.Deploy.0 = Debug|ARM
		{6CD8D215-EF02-4630-8072-E84A00D28284}.Debug|iPhone.ActiveCfg = Debug|x86
		{6CD8D215-EF02-4630-8072-E84A00D28284}.Debug|iPhone.Build.0 = Debug|x86
		{6CD8D215-EF02-4630-8072-E84A00D28284}.Debug|iPhone.Deploy.0 = Debug|x86
		{6CD8D215-EF02-4630-8072-E84A00D28284}.Debug|iPhoneSimulator.ActiveCfg = Debug|x86
		{6CD8D215-EF02-4630-8072-E84A00D28284}.Debug|iPhoneSimulator.Build.0 = Debug|x86
		{6CD8D215-EF02-4630-8072-E84A00D28284}.Debug|iPhoneSimulator.Deploy.0 = Debug|x86
		{6CD8D215-EF02-4630-8072-E84A00D28284}.Debug|x64.ActiveCfg = Debug|x64
		{6CD8D215-EF02-4630-8072-E84A00D28284}.Debug|x64.Build.0 = Debug|x64
		{6CD8D215-EF02-4630-8072-E84A00D28284}.Debug|x64.Deploy.0 = Debug|x64
		{6CD8D215-EF02-4630-8072-E84A00D28284}.Debug|x86.ActiveCfg = Debug|x86
		{6CD8D215-EF02-4630-8072-E84A00D28284}.Debug|x86.Build.0 = Debug|x86
		{6CD8D215-EF02-4630-8072-E84A00D28284}.Debug|x86.Deploy.0 = Debug|x86
		{6CD8D215-EF02-4630-8072-E84A00D28284}.Release|Any CPU.ActiveCfg = Release|x86
		{6CD8D215-EF02-4630-8072-E84A00D28284}.Release|Any CPU.Build.0 = Release|x86
		{6CD8D215-EF02-4630-8072-E84A00D28284}.Release|Any CPU.Deploy.0 = Release|x86
		{6CD8D215-EF02-4630-8072-E84A00D28284}.Release|ARM.ActiveCfg = Release|ARM
		{6CD8D215-EF02-4630-8072-E84A00D28284}.Release|ARM.Build.0 = Release|ARM
		{6CD8D215-EF02-4630-8072-E84A00D28284}.Release|ARM.Deploy.0 = Release|ARM
		{6CD8D215-EF02-4630-8072-E84A00D28284}.Release|iPhone.ActiveCfg = Release|x86
		{6CD8D215-EF02-4630-8072-E84A00D28284}.Release|iPhone.Build.0 = Release|x86
		{6CD8D215-EF02-4630-8072-E84A00D28284}.Release|iPhone.Deploy.0 = Release|x86
		{6CD8D215-EF02-4630-8072-E84A00D28284}.Release|iPhoneSimulator.ActiveCfg = Release|x86
		{6CD8D215-EF02-4630-8072-E84A00D28284}.Release|iPhoneSimulator.Build.0 = Release|x86
		{6CD8D215-EF02-4630-8072-E84A00D28284}.Release|iPhoneSimulator.Deploy.0 = Release|x86
		{6CD8D215-EF02-4630-8072-E84A00D28284}.Release|x64.ActiveCfg = Release|x64
		{6CD8D215-EF02-4630-8072-E84A00D28284}.Release|x64.Build.0 = Release|x64
		{6CD8D215-EF02-4630-8072-E84A00D28284}.Release|x64.Deploy.0 = Release|x64
		{6CD8D215-EF02-4630-8072-E84A00D28284}.Release|x86.ActiveCfg = Release|x86
		{6CD8D215-EF02-4630-8072-E84A00D28284}.Release|x86.Build.0 = Release|x86
		{6CD8D215-EF02-4630-8072-E84A00D28284}.Release|x86.Deploy.0 = Release|x86
		{1E5DE77B-E514-49BF-98D9-125E5BB4A33C}.Debug|Any CPU.ActiveCfg = Debug|Any CPU
		{1E5DE77B-E514-49BF-98D9-125E5BB4A33C}.Debug|Any CPU.Build.0 = Debug|Any CPU
		{1E5DE77B-E514-49BF-98D9-125E5BB4A33C}.Debug|Any CPU.Deploy.0 = Debug|Any CPU
		{1E5DE77B-E514-49BF-98D9-125E5BB4A33C}.Debug|ARM.ActiveCfg = Debug|Any CPU
		{1E5DE77B-E514-49BF-98D9-125E5BB4A33C}.Debug|ARM.Build.0 = Debug|Any CPU
		{1E5DE77B-E514-49BF-98D9-125E5BB4A33C}.Debug|ARM.Deploy.0 = Debug|Any CPU
		{1E5DE77B-E514-49BF-98D9-125E5BB4A33C}.Debug|iPhone.ActiveCfg = Debug|Any CPU
		{1E5DE77B-E514-49BF-98D9-125E5BB4A33C}.Debug|iPhone.Build.0 = Debug|Any CPU
		{1E5DE77B-E514-49BF-98D9-125E5BB4A33C}.Debug|iPhone.Deploy.0 = Debug|Any CPU
		{1E5DE77B-E514-49BF-98D9-125E5BB4A33C}.Debug|iPhoneSimulator.ActiveCfg = Debug|Any CPU
		{1E5DE77B-E514-49BF-98D9-125E5BB4A33C}.Debug|iPhoneSimulator.Build.0 = Debug|Any CPU
		{1E5DE77B-E514-49BF-98D9-125E5BB4A33C}.Debug|iPhoneSimulator.Deploy.0 = Debug|Any CPU
		{1E5DE77B-E514-49BF-98D9-125E5BB4A33C}.Debug|x64.ActiveCfg = Debug|Any CPU
		{1E5DE77B-E514-49BF-98D9-125E5BB4A33C}.Debug|x64.Build.0 = Debug|Any CPU
		{1E5DE77B-E514-49BF-98D9-125E5BB4A33C}.Debug|x64.Deploy.0 = Debug|Any CPU
		{1E5DE77B-E514-49BF-98D9-125E5BB4A33C}.Debug|x86.ActiveCfg = Debug|Any CPU
		{1E5DE77B-E514-49BF-98D9-125E5BB4A33C}.Debug|x86.Build.0 = Debug|Any CPU
		{1E5DE77B-E514-49BF-98D9-125E5BB4A33C}.Debug|x86.Deploy.0 = Debug|Any CPU
		{1E5DE77B-E514-49BF-98D9-125E5BB4A33C}.Release|Any CPU.ActiveCfg = Release|Any CPU
		{1E5DE77B-E514-49BF-98D9-125E5BB4A33C}.Release|Any CPU.Build.0 = Release|Any CPU
		{1E5DE77B-E514-49BF-98D9-125E5BB4A33C}.Release|Any CPU.Deploy.0 = Release|Any CPU
		{1E5DE77B-E514-49BF-98D9-125E5BB4A33C}.Release|ARM.ActiveCfg = Release|Any CPU
		{1E5DE77B-E514-49BF-98D9-125E5BB4A33C}.Release|ARM.Build.0 = Release|Any CPU
		{1E5DE77B-E514-49BF-98D9-125E5BB4A33C}.Release|ARM.Deploy.0 = Release|Any CPU
		{1E5DE77B-E514-49BF-98D9-125E5BB4A33C}.Release|iPhone.ActiveCfg = Release|Any CPU
		{1E5DE77B-E514-49BF-98D9-125E5BB4A33C}.Release|iPhone.Build.0 = Release|Any CPU
		{1E5DE77B-E514-49BF-98D9-125E5BB4A33C}.Release|iPhone.Deploy.0 = Release|Any CPU
		{1E5DE77B-E514-49BF-98D9-125E5BB4A33C}.Release|iPhoneSimulator.ActiveCfg = Release|Any CPU
		{1E5DE77B-E514-49BF-98D9-125E5BB4A33C}.Release|iPhoneSimulator.Build.0 = Release|Any CPU
		{1E5DE77B-E514-49BF-98D9-125E5BB4A33C}.Release|iPhoneSimulator.Deploy.0 = Release|Any CPU
		{1E5DE77B-E514-49BF-98D9-125E5BB4A33C}.Release|x64.ActiveCfg = Release|Any CPU
		{1E5DE77B-E514-49BF-98D9-125E5BB4A33C}.Release|x64.Build.0 = Release|Any CPU
		{1E5DE77B-E514-49BF-98D9-125E5BB4A33C}.Release|x64.Deploy.0 = Release|Any CPU
		{1E5DE77B-E514-49BF-98D9-125E5BB4A33C}.Release|x86.ActiveCfg = Release|Any CPU
		{1E5DE77B-E514-49BF-98D9-125E5BB4A33C}.Release|x86.Build.0 = Release|Any CPU
		{1E5DE77B-E514-49BF-98D9-125E5BB4A33C}.Release|x86.Deploy.0 = Release|Any CPU
		{C4026021-C9A7-4F17-BC0A-106C5B740C92}.Debug|Any CPU.ActiveCfg = Debug|iPhone
		{C4026021-C9A7-4F17-BC0A-106C5B740C92}.Debug|Any CPU.Build.0 = Debug|iPhone
		{C4026021-C9A7-4F17-BC0A-106C5B740C92}.Debug|Any CPU.Deploy.0 = Debug|iPhone
		{C4026021-C9A7-4F17-BC0A-106C5B740C92}.Debug|ARM.ActiveCfg = Debug|iPhoneSimulator
		{C4026021-C9A7-4F17-BC0A-106C5B740C92}.Debug|ARM.Build.0 = Debug|iPhoneSimulator
		{C4026021-C9A7-4F17-BC0A-106C5B740C92}.Debug|ARM.Deploy.0 = Debug|iPhoneSimulator
		{C4026021-C9A7-4F17-BC0A-106C5B740C92}.Debug|iPhone.ActiveCfg = Debug|iPhone
		{C4026021-C9A7-4F17-BC0A-106C5B740C92}.Debug|iPhone.Build.0 = Debug|iPhone
		{C4026021-C9A7-4F17-BC0A-106C5B740C92}.Debug|iPhone.Deploy.0 = Debug|iPhone
		{C4026021-C9A7-4F17-BC0A-106C5B740C92}.Debug|iPhoneSimulator.ActiveCfg = Debug|iPhoneSimulator
		{C4026021-C9A7-4F17-BC0A-106C5B740C92}.Debug|iPhoneSimulator.Build.0 = Debug|iPhoneSimulator
		{C4026021-C9A7-4F17-BC0A-106C5B740C92}.Debug|iPhoneSimulator.Deploy.0 = Debug|iPhoneSimulator
		{C4026021-C9A7-4F17-BC0A-106C5B740C92}.Debug|x64.ActiveCfg = Debug|iPhone
		{C4026021-C9A7-4F17-BC0A-106C5B740C92}.Debug|x64.Build.0 = Debug|iPhone
		{C4026021-C9A7-4F17-BC0A-106C5B740C92}.Debug|x64.Deploy.0 = Debug|iPhone
		{C4026021-C9A7-4F17-BC0A-106C5B740C92}.Debug|x86.ActiveCfg = Debug|iPhone
		{C4026021-C9A7-4F17-BC0A-106C5B740C92}.Debug|x86.Build.0 = Debug|iPhone
		{C4026021-C9A7-4F17-BC0A-106C5B740C92}.Debug|x86.Deploy.0 = Debug|iPhone
		{C4026021-C9A7-4F17-BC0A-106C5B740C92}.Release|Any CPU.ActiveCfg = Release|iPhone
		{C4026021-C9A7-4F17-BC0A-106C5B740C92}.Release|Any CPU.Build.0 = Release|iPhone
		{C4026021-C9A7-4F17-BC0A-106C5B740C92}.Release|Any CPU.Deploy.0 = Release|iPhone
		{C4026021-C9A7-4F17-BC0A-106C5B740C92}.Release|ARM.ActiveCfg = Release|iPhone
		{C4026021-C9A7-4F17-BC0A-106C5B740C92}.Release|ARM.Build.0 = Release|iPhone
		{C4026021-C9A7-4F17-BC0A-106C5B740C92}.Release|ARM.Deploy.0 = Release|iPhone
		{C4026021-C9A7-4F17-BC0A-106C5B740C92}.Release|iPhone.ActiveCfg = Release|iPhone
		{C4026021-C9A7-4F17-BC0A-106C5B740C92}.Release|iPhone.Build.0 = Release|iPhone
		{C4026021-C9A7-4F17-BC0A-106C5B740C92}.Release|iPhone.Deploy.0 = Release|iPhone
		{C4026021-C9A7-4F17-BC0A-106C5B740C92}.Release|iPhoneSimulator.ActiveCfg = Release|iPhoneSimulator
		{C4026021-C9A7-4F17-BC0A-106C5B740C92}.Release|iPhoneSimulator.Build.0 = Release|iPhoneSimulator
		{C4026021-C9A7-4F17-BC0A-106C5B740C92}.Release|iPhoneSimulator.Deploy.0 = Release|iPhoneSimulator
		{C4026021-C9A7-4F17-BC0A-106C5B740C92}.Release|x64.ActiveCfg = Release|iPhone
		{C4026021-C9A7-4F17-BC0A-106C5B740C92}.Release|x64.Build.0 = Release|iPhone
		{C4026021-C9A7-4F17-BC0A-106C5B740C92}.Release|x64.Deploy.0 = Release|iPhone
		{C4026021-C9A7-4F17-BC0A-106C5B740C92}.Release|x86.ActiveCfg = Release|iPhone
		{C4026021-C9A7-4F17-BC0A-106C5B740C92}.Release|x86.Build.0 = Release|iPhone
		{C4026021-C9A7-4F17-BC0A-106C5B740C92}.Release|x86.Deploy.0 = Release|iPhone
		{9B9B1DE1-73F5-4B9A-8EAA-7F29AC2B26A2}.Debug|Any CPU.ActiveCfg = Debug|Any CPU
		{9B9B1DE1-73F5-4B9A-8EAA-7F29AC2B26A2}.Debug|Any CPU.Build.0 = Debug|Any CPU
		{9B9B1DE1-73F5-4B9A-8EAA-7F29AC2B26A2}.Debug|Any CPU.Deploy.0 = Debug|Any CPU
		{9B9B1DE1-73F5-4B9A-8EAA-7F29AC2B26A2}.Debug|ARM.ActiveCfg = Debug|Any CPU
		{9B9B1DE1-73F5-4B9A-8EAA-7F29AC2B26A2}.Debug|ARM.Build.0 = Debug|Any CPU
		{9B9B1DE1-73F5-4B9A-8EAA-7F29AC2B26A2}.Debug|ARM.Deploy.0 = Debug|Any CPU
		{9B9B1DE1-73F5-4B9A-8EAA-7F29AC2B26A2}.Debug|iPhone.ActiveCfg = Debug|Any CPU
		{9B9B1DE1-73F5-4B9A-8EAA-7F29AC2B26A2}.Debug|iPhone.Build.0 = Debug|Any CPU
		{9B9B1DE1-73F5-4B9A-8EAA-7F29AC2B26A2}.Debug|iPhone.Deploy.0 = Debug|Any CPU
		{9B9B1DE1-73F5-4B9A-8EAA-7F29AC2B26A2}.Debug|iPhoneSimulator.ActiveCfg = Debug|Any CPU
		{9B9B1DE1-73F5-4B9A-8EAA-7F29AC2B26A2}.Debug|iPhoneSimulator.Build.0 = Debug|Any CPU
		{9B9B1DE1-73F5-4B9A-8EAA-7F29AC2B26A2}.Debug|iPhoneSimulator.Deploy.0 = Debug|Any CPU
		{9B9B1DE1-73F5-4B9A-8EAA-7F29AC2B26A2}.Debug|x64.ActiveCfg = Debug|Any CPU
		{9B9B1DE1-73F5-4B9A-8EAA-7F29AC2B26A2}.Debug|x64.Build.0 = Debug|Any CPU
		{9B9B1DE1-73F5-4B9A-8EAA-7F29AC2B26A2}.Debug|x64.Deploy.0 = Debug|Any CPU
		{9B9B1DE1-73F5-4B9A-8EAA-7F29AC2B26A2}.Debug|x86.ActiveCfg = Debug|Any CPU
		{9B9B1DE1-73F5-4B9A-8EAA-7F29AC2B26A2}.Debug|x86.Build.0 = Debug|Any CPU
		{9B9B1DE1-73F5-4B9A-8EAA-7F29AC2B26A2}.Debug|x86.Deploy.0 = Debug|Any CPU
		{9B9B1DE1-73F5-4B9A-8EAA-7F29AC2B26A2}.Release|Any CPU.ActiveCfg = Release|Any CPU
		{9B9B1DE1-73F5-4B9A-8EAA-7F29AC2B26A2}.Release|Any CPU.Build.0 = Release|Any CPU
		{9B9B1DE1-73F5-4B9A-8EAA-7F29AC2B26A2}.Release|Any CPU.Deploy.0 = Release|Any CPU
		{9B9B1DE1-73F5-4B9A-8EAA-7F29AC2B26A2}.Release|ARM.ActiveCfg = Release|Any CPU
		{9B9B1DE1-73F5-4B9A-8EAA-7F29AC2B26A2}.Release|ARM.Build.0 = Release|Any CPU
		{9B9B1DE1-73F5-4B9A-8EAA-7F29AC2B26A2}.Release|ARM.Deploy.0 = Release|Any CPU
		{9B9B1DE1-73F5-4B9A-8EAA-7F29AC2B26A2}.Release|iPhone.ActiveCfg = Release|Any CPU
		{9B9B1DE1-73F5-4B9A-8EAA-7F29AC2B26A2}.Release|iPhone.Build.0 = Release|Any CPU
		{9B9B1DE1-73F5-4B9A-8EAA-7F29AC2B26A2}.Release|iPhone.Deploy.0 = Release|Any CPU
		{9B9B1DE1-73F5-4B9A-8EAA-7F29AC2B26A2}.Release|iPhoneSimulator.ActiveCfg = Release|Any CPU
		{9B9B1DE1-73F5-4B9A-8EAA-7F29AC2B26A2}.Release|iPhoneSimulator.Build.0 = Release|Any CPU
		{9B9B1DE1-73F5-4B9A-8EAA-7F29AC2B26A2}.Release|iPhoneSimulator.Deploy.0 = Release|Any CPU
		{9B9B1DE1-73F5-4B9A-8EAA-7F29AC2B26A2}.Release|x64.ActiveCfg = Release|Any CPU
		{9B9B1DE1-73F5-4B9A-8EAA-7F29AC2B26A2}.Release|x64.Build.0 = Release|Any CPU
		{9B9B1DE1-73F5-4B9A-8EAA-7F29AC2B26A2}.Release|x64.Deploy.0 = Release|Any CPU
		{9B9B1DE1-73F5-4B9A-8EAA-7F29AC2B26A2}.Release|x86.ActiveCfg = Release|Any CPU
		{9B9B1DE1-73F5-4B9A-8EAA-7F29AC2B26A2}.Release|x86.Build.0 = Release|Any CPU
		{9B9B1DE1-73F5-4B9A-8EAA-7F29AC2B26A2}.Release|x86.Deploy.0 = Release|Any CPU
	EndGlobalSection
	GlobalSection(SolutionProperties) = preSolution
		HideSolutionNode = FALSE
	EndGlobalSection
	GlobalSection(ExtensibilityGlobals) = postSolution
		SolutionGuid = {549C66E6-267E-462F-9057-F7C77DE3138D}
	EndGlobalSection
EndGlobal
